
Microsoft Visual Studio Solution File, Format Version 12.00
# Visual Studio Version 16
VisualStudioVersion = 16.0.31105.61
MinimumVisualStudioVersion = 10.0.40219.1
Project("{FAE04EC0-301F-11D3-BF4B-00C04F79EFBC}") = "LiftProblem2", "LiftProblem2\LiftProblem2.csproj", "{95485837-9276-4AA1-A49B-848F43119E19}"
EndProject
Global
	GlobalSection(SolutionConfigurationPlatforms) = preSolution
		Debug|Any CPU = Debug|Any CPU
		Release|Any CPU = Release|Any CPU
	EndGlobalSection
	GlobalSection(ProjectConfigurationPlatforms) = postSolution
		{95485837-9276-4AA1-A49B-848F43119E19}.Debug|Any CPU.ActiveCfg = Debug|Any CPU
		{95485837-9276-4AA1-A49B-848F43119E19}.Debug|Any CPU.Build.0 = Debug|Any CPU
		{95485837-9276-4AA1-A49B-848F43119E19}.Release|Any CPU.ActiveCfg = Release|Any CPU
		{95485837-9276-4AA1-A49B-848F43119E19}.Release|Any CPU.Build.0 = Release|Any CPU
	EndGlobalSection
	GlobalSection(SolutionProperties) = preSolution
		HideSolutionNode = FALSE
	EndGlobalSection
	GlobalSection(ExtensibilityGlobals) = postSolution
		SolutionGuid = {9512A6B8-F60A-454F-9DDD-E9BF81B63151}
	EndGlobalSection
EndGlobal
